// !$*UTF8*$!
{
	archiveVersion = 1;
	classes = {
	};
	objectVersion = 50;
	objects = {

/* Begin PBXBuildFile section */
		3D17F1D825520E5B00D3718A /* TwoSum.cpp in Sources */ = {isa = PBXBuildFile; fileRef = 3D17F1D625520E5B00D3718A /* TwoSum.cpp */; };
		3D80CCA8254EE7FB00C8F08C /* Graph.cpp in Sources */ = {isa = PBXBuildFile; fileRef = 3D80CCA6254EE7FB00C8F08C /* Graph.cpp */; };
		3DEE0C0225462862005AE9DB /* Tree.cpp in Sources */ = {isa = PBXBuildFile; fileRef = 3DEE0C0125462862005AE9DB /* Tree.cpp */; };
		3DF293DC253E120B00B5F750 /* main.cpp in Sources */ = {isa = PBXBuildFile; fileRef = 3DF293DB253E120B00B5F750 /* main.cpp */; };
		3DF293E9253E541600B5F750 /* SingleLinkedList.hpp in Sources */ = {isa = PBXBuildFile; fileRef = 3DF293E5253E13A800B5F750 /* SingleLinkedList.hpp */; };
/* End PBXBuildFile section */

/* Begin PBXCopyFilesBuildPhase section */
		3DF293D6253E120B00B5F750 /* CopyFiles */ = {
			isa = PBXCopyFilesBuildPhase;
			buildActionMask = 2147483647;
			dstPath = /usr/share/man/man1/;
			dstSubfolderSpec = 0;
			files = (
			);
			runOnlyForDeploymentPostprocessing = 1;
		};
/* End PBXCopyFilesBuildPhase section */

/* Begin PBXFileReference section */
		3D17F1D625520E5B00D3718A /* TwoSum.cpp */ = {isa = PBXFileReference; lastKnownFileType = sourcecode.cpp.cpp; path = TwoSum.cpp; sourceTree = "<group>"; };
		3D17F1D725520E5B00D3718A /* TwoSum.hpp */ = {isa = PBXFileReference; lastKnownFileType = sourcecode.cpp.h; path = TwoSum.hpp; sourceTree = "<group>"; };
		3D7DF8C82545FB44001EBCB2 /* Tree.hpp */ = {isa = PBXFileReference; lastKnownFileType = sourcecode.cpp.h; path = Tree.hpp; sourceTree = "<group>"; };
		3D80CCA6254EE7FB00C8F08C /* Graph.cpp */ = {isa = PBXFileReference; lastKnownFileType = sourcecode.cpp.cpp; path = Graph.cpp; sourceTree = "<group>"; };
		3D80CCA7254EE7FB00C8F08C /* Graph.hpp */ = {isa = PBXFileReference; lastKnownFileType = sourcecode.cpp.h; path = Graph.hpp; sourceTree = "<group>"; };
		3DEE0C0125462862005AE9DB /* Tree.cpp */ = {isa = PBXFileReference; lastKnownFileType = sourcecode.cpp.cpp; path = Tree.cpp; sourceTree = "<group>"; };
		3DF293D8253E120B00B5F750 /* DataStructure_Algorithm_In_C++ */ = {isa = PBXFileReference; explicitFileType = "compiled.mach-o.executable"; includeInIndex = 0; path = "DataStructure_Algorithm_In_C++"; sourceTree = BUILT_PRODUCTS_DIR; };
		3DF293DB253E120B00B5F750 /* main.cpp */ = {isa = PBXFileReference; lastKnownFileType = sourcecode.cpp.cpp; path = main.cpp; sourceTree = "<group>"; };
		3DF293E3253E126E00B5F750 /* README.md */ = {isa = PBXFileReference; lastKnownFileType = net.daringfireball.markdown; path = README.md; sourceTree = "<group>"; };
		3DF293E5253E13A800B5F750 /* SingleLinkedList.hpp */ = {isa = PBXFileReference; lastKnownFileType = sourcecode.cpp.h; path = SingleLinkedList.hpp; sourceTree = "<group>"; };
/* End PBXFileReference section */

/* Begin PBXFrameworksBuildPhase section */
		3DF293D5253E120B00B5F750 /* Frameworks */ = {
			isa = PBXFrameworksBuildPhase;
			buildActionMask = 2147483647;
			files = (
			);
			runOnlyForDeploymentPostprocessing = 0;
		};
/* End PBXFrameworksBuildPhase section */

/* Begin PBXGroup section */
		3DF293CF253E120B00B5F750 = {
			isa = PBXGroup;
			children = (
				3DF293DA253E120B00B5F750 /* DataStructure_Algorithm_In_C++ */,
				3DF293D9253E120B00B5F750 /* Products */,
			);
			sourceTree = "<group>";
		};
		3DF293D9253E120B00B5F750 /* Products */ = {
			isa = PBXGroup;
			children = (
				3DF293D8253E120B00B5F750 /* DataStructure_Algorithm_In_C++ */,
			);
			name = Products;
			sourceTree = "<group>";
		};
		3DF293DA253E120B00B5F750 /* DataStructure_Algorithm_In_C++ */ = {
			isa = PBXGroup;
			children = (
				3DF293DB253E120B00B5F750 /* main.cpp */,
				3DF293E3253E126E00B5F750 /* README.md */,
				3DF293E5253E13A800B5F750 /* SingleLinkedList.hpp */,
				3DEE0C0125462862005AE9DB /* Tree.cpp */,
				3D7DF8C82545FB44001EBCB2 /* Tree.hpp */,
				3D80CCA6254EE7FB00C8F08C /* Graph.cpp */,
				3D80CCA7254EE7FB00C8F08C /* Graph.hpp */,
				3D17F1D625520E5B00D3718A /* TwoSum.cpp */,
				3D17F1D725520E5B00D3718A /* TwoSum.hpp */,
			);
			path = "DataStructure_Algorithm_In_C++";
			sourceTree = "<group>";
		};
/* End PBXGroup section */

/* Begin PBXNativeTarget section */
		3DF293D7253E120B00B5F750 /* DataStructure_Algorithm_In_C++ */ = {
			isa = PBXNativeTarget;
			buildConfigurationList = 3DF293DF253E120B00B5F750 /* Build configuration list for PBXNativeTarget "DataStructure_Algorithm_In_C++" */;
			buildPhases = (
				3DF293D4253E120B00B5F750 /* Sources */,
				3DF293D5253E120B00B5F750 /* Frameworks */,
				3DF293D6253E120B00B5F750 /* CopyFiles */,
			);
			buildRules = (
			);
			dependencies = (
			);
			name = "DataStructure_Algorithm_In_C++";
			productName = "DataStructure_Algorithm_In_C++";
			productReference = 3DF293D8253E120B00B5F750 /* DataStructure_Algorithm_In_C++ */;
			productType = "com.apple.product-type.tool";
		};
/* End PBXNativeTarget section */

/* Begin PBXProject section */
		3DF293D0253E120B00B5F750 /* Project object */ = {
			isa = PBXProject;
			attributes = {
				LastUpgradeCheck = 1200;
				TargetAttributes = {
					3DF293D7253E120B00B5F750 = {
						CreatedOnToolsVersion = 12.0.1;
					};
				};
			};
			buildConfigurationList = 3DF293D3253E120B00B5F750 /* Build configuration list for PBXProject "DataStructure_Algorithm_In_C++" */;
			compatibilityVersion = "Xcode 9.3";
			developmentRegion = en;
			hasScannedForEncodings = 0;
			knownRegions = (
				en,
				Base,
			);
			mainGroup = 3DF293CF253E120B00B5F750;
			productRefGroup = 3DF293D9253E120B00B5F750 /* Products */;
			projectDirPath = "";
			projectRoot = "";
			targets = (
				3DF293D7253E120B00B5F750 /* DataStructure_Algorithm_In_C++ */,
			);
		};
/* End PBXProject section */

/* Begin PBXSourcesBuildPhase section */
		3DF293D4253E120B00B5F750 /* Sources */ = {
			isa = PBXSourcesBuildPhase;
			buildActionMask = 2147483647;
			files = (
				3D80CCA8254EE7FB00C8F08C /* Graph.cpp in Sources */,
				3DEE0C0225462862005AE9DB /* Tree.cpp in Sources */,
				3D17F1D825520E5B00D3718A /* TwoSum.cpp in Sources */,
				3DF293E9253E541600B5F750 /* SingleLinkedList.hpp in Sources */,
				3DF293DC253E120B00B5F750 /* main.cpp in Sources */,
			);
			runOnlyForDeploymentPostprocessing = 0;
		};
/* End PBXSourcesBuildPhase section */

/* Begin XCBuildConfiguration section */
		3DF293DD253E120B00B5F750 /* Debug */ = {
			isa = XCBuildConfiguration;
			buildSettings = {
				ALWAYS_SEARCH_USER_PATHS = NO;
				CLANG_ANALYZER_NONNULL = YES;
				CLANG_ANALYZER_NUMBER_OBJECT_CONVERSION = YES_AGGRESSIVE;
				CLANG_CXX_LANGUAGE_STANDARD = "gnu++14";
				CLANG_CXX_LIBRARY = "libc++";
				CLANG_ENABLE_MODULES = YES;
				CLANG_ENABLE_OBJC_ARC = YES;
				CLANG_ENABLE_OBJC_WEAK = YES;
				CLANG_WARN_BLOCK_CAPTURE_AUTORELEASING = YES;
				CLANG_WARN_BOOL_CONVERSION = YES;
				CLANG_WARN_COMMA = YES;
				CLANG_WARN_CONSTANT_CONVERSION = YES;
				CLANG_WARN_DEPRECATED_OBJC_IMPLEMENTATIONS = YES;
				CLANG_WARN_DIRECT_OBJC_ISA_USAGE = YES_ERROR;
				CLANG_WARN_DOCUMENTATION_COMMENTS = YES;
				CLANG_WARN_EMPTY_BODY = YES;
				CLANG_WARN_ENUM_CONVERSION = YES;
				CLANG_WARN_INFINITE_RECURSION = YES;
				CLANG_WARN_INT_CONVERSION = YES;
				CLANG_WARN_NON_LITERAL_NULL_CONVERSION = YES;
				CLANG_WARN_OBJC_IMPLICIT_RETAIN_SELF = YES;
				CLANG_WARN_OBJC_LITERAL_CONVERSION = YES;
				CLANG_WARN_OBJC_ROOT_CLASS = YES_ERROR;
				CLANG_WARN_QUOTED_INCLUDE_IN_FRAMEWORK_HEADER = YES;
				CLANG_WARN_RANGE_LOOP_ANALYSIS = YES;
				CLANG_WARN_STRICT_PROTOTYPES = YES;
				CLANG_WARN_SUSPICIOUS_MOVE = YES;
				CLANG_WARN_UNGUARDED_AVAILABILITY = YES_AGGRESSIVE;
				CLANG_WARN_UNREACHABLE_CODE = YES;
				CLANG_WARN__DUPLICATE_METHOD_MATCH = YES;
				COPY_PHASE_STRIP = NO;
				DEBUG_INFORMATION_FORMAT = dwarf;
				ENABLE_STRICT_OBJC_MSGSEND = YES;
				ENABLE_TESTABILITY = YES;
				GCC_C_LANGUAGE_STANDARD = gnu11;
				GCC_DYNAMIC_NO_PIC = NO;
				GCC_NO_COMMON_BLOCKS = YES;
				GCC_OPTIMIZATION_LEVEL = 0;
				GCC_PREPROCESSOR_DEFINITIONS = (
					"DEBUG=1",
					"$(inherited)",
				);
				GCC_WARN_64_TO_32_BIT_CONVERSION = YES;
				GCC_WARN_ABOUT_RETURN_TYPE = YES_ERROR;
				GCC_WARN_UNDECLARED_SELECTOR = YES;
				GCC_WARN_UNINITIALIZED_AUTOS = YES_AGGRESSIVE;
				GCC_WARN_UNUSED_FUNCTION = YES;
				GCC_WARN_UNUSED_VARIABLE = YES;
				MACOSX_DEPLOYMENT_TARGET = 10.15;
				MTL_ENABLE_DEBUG_INFO = INCLUDE_SOURCE;
				MTL_FAST_MATH = YES;
				ONLY_ACTIVE_ARCH = YES;
				SDKROOT = macosx;
			};
			name = Debug;
		};
		3DF293DE253E120B00B5F750 /* Release */ = {
			isa = XCBuildConfiguration;
			buildSettings = {
				ALWAYS_SEARCH_USER_PATHS = NO;
				CLANG_ANALYZER_NONNULL = YES;
				CLANG_ANALYZER_NUMBER_OBJECT_CONVERSION = YES_AGGRESSIVE;
				CLANG_CXX_LANGUAGE_STANDARD = "gnu++14";
				CLANG_CXX_LIBRARY = "libc++";
				CLANG_ENABLE_MODULES = YES;
				CLANG_ENABLE_OBJC_ARC = YES;
				CLANG_ENABLE_OBJC_WEAK = YES;
				CLANG_WARN_BLOCK_CAPTURE_AUTORELEASING = YES;
				CLANG_WARN_BOOL_CONVERSION = YES;
				CLANG_WARN_COMMA = YES;
				CLANG_WARN_CONSTANT_CONVERSION = YES;
				CLANG_WARN_DEPRECATED_OBJC_IMPLEMENTATIONS = YES;
				CLANG_WARN_DIRECT_OBJC_ISA_USAGE = YES_ERROR;
				CLANG_WARN_DOCUMENTATION_COMMENTS = YES;
				CLANG_WARN_EMPTY_BODY = YES;
				CLANG_WARN_ENUM_CONVERSION = YES;
				CLANG_WARN_INFINITE_RECURSION = YES;
				CLANG_WARN_INT_CONVERSION = YES;
				CLANG_WARN_NON_LITERAL_NULL_CONVERSION = YES;
				CLANG_WARN_OBJC_IMPLICIT_RETAIN_SELF = YES;
				CLANG_WARN_OBJC_LITERAL_CONVERSION = YES;
				CLANG_WARN_OBJC_ROOT_CLASS = YES_ERROR;
				CLANG_WARN_QUOTED_INCLUDE_IN_FRAMEWORK_HEADER = YES;
				CLANG_WARN_RANGE_LOOP_ANALYSIS = YES;
				CLANG_WARN_STRICT_PROTOTYPES = YES;
				CLANG_WARN_SUSPICIOUS_MOVE = YES;
				CLANG_WARN_UNGUARDED_AVAILABILITY = YES_AGGRESSIVE;
				CLANG_WARN_UNREACHABLE_CODE = YES;
				CLANG_WARN__DUPLICATE_METHOD_MATCH = YES;
				COPY_PHASE_STRIP = NO;
				DEBUG_INFORMATION_FORMAT = "dwarf-with-dsym";
				ENABLE_NS_ASSERTIONS = NO;
				ENABLE_STRICT_OBJC_MSGSEND = YES;
				GCC_C_LANGUAGE_STANDARD = gnu11;
				GCC_NO_COMMON_BLOCKS = YES;
				GCC_WARN_64_TO_32_BIT_CONVERSION = YES;
				GCC_WARN_ABOUT_RETURN_TYPE = YES_ERROR;
				GCC_WARN_UNDECLARED_SELECTOR = YES;
				GCC_WARN_UNINITIALIZED_AUTOS = YES_AGGRESSIVE;
				GCC_WARN_UNUSED_FUNCTION = YES;
				GCC_WARN_UNUSED_VARIABLE = YES;
				MACOSX_DEPLOYMENT_TARGET = 10.15;
				MTL_ENABLE_DEBUG_INFO = NO;
				MTL_FAST_MATH = YES;
				SDKROOT = macosx;
			};
			name = Release;
		};
		3DF293E0253E120B00B5F750 /* Debug */ = {
			isa = XCBuildConfiguration;
			buildSettings = {
				CODE_SIGN_STYLE = Automatic;
				DEVELOPMENT_TEAM = ZJJXNX52NR;
				ENABLE_HARDENED_RUNTIME = YES;
				PRODUCT_NAME = "$(TARGET_NAME)";
			};
			name = Debug;
		};
		3DF293E1253E120B00B5F750 /* Release */ = {
			isa = XCBuildConfiguration;
			buildSettings = {
				CODE_SIGN_STYLE = Automatic;
				DEVELOPMENT_TEAM = ZJJXNX52NR;
				ENABLE_HARDENED_RUNTIME = YES;
				PRODUCT_NAME = "$(TARGET_NAME)";
			};
			name = Release;
		};
/* End XCBuildConfiguration section */

/* Begin XCConfigurationList section */
		3DF293D3253E120B00B5F750 /* Build configuration list for PBXProject "DataStructure_Algorithm_In_C++" */ = {
			isa = XCConfigurationList;
			buildConfigurations = (
				3DF293DD253E120B00B5F750 /* Debug */,
				3DF293DE253E120B00B5F750 /* Release */,
			);
			defaultConfigurationIsVisible = 0;
			defaultConfigurationName = Release;
		};
		3DF293DF253E120B00B5F750 /* Build configuration list for PBXNativeTarget "DataStructure_Algorithm_In_C++" */ = {
			isa = XCConfigurationList;
			buildConfigurations = (
				3DF293E0253E120B00B5F750 /* Debug */,
				3DF293E1253E120B00B5F750 /* Release */,
			);
			defaultConfigurationIsVisible = 0;
			defaultConfigurationName = Release;
		};
/* End XCConfigurationList section */
	};
	rootObject = 3DF293D0253E120B00B5F750 /* Project object */;
}
